// !$*UTF8*$!
{
	archiveVersion = 1;
	classes = {
	};
	objectVersion = 50;
	objects = {

/* Begin PBXBuildFile section */
		8D91C377969F2D5EB942FF37 /* Pods_DigitalTime_WatchKit_Extension.framework in Frameworks */ = {isa = PBXBuildFile; fileRef = 164A2014ADA2EBD578F71C54 /* Pods_DigitalTime_WatchKit_Extension.framework */; };
		A1FDA7B5451CB2E3A83925FB /* Pods_DigitalTime_WatchKit_App.framework in Frameworks */ = {isa = PBXBuildFile; fileRef = E30D7C4D8DBD8BFC24953448 /* Pods_DigitalTime_WatchKit_App.framework */; };
		C455621E75C95FC20C476E68 /* Pods_DigitalTime.framework in Frameworks */ = {isa = PBXBuildFile; fileRef = 82780A9B64BE4C09D9C362CE /* Pods_DigitalTime.framework */; };
		CB1D4D6126044A0500D1FD53 /* ComplicationUpdateView.swift in Sources */ = {isa = PBXBuildFile; fileRef = CB1D4D6026044A0500D1FD53 /* ComplicationUpdateView.swift */; };
		CB1E3A0425F15AA800FDDEB7 /* DigitalTime WatchKit App.app in Embed Watch Content */ = {isa = PBXBuildFile; fileRef = CB1E3A0325F15AA800FDDEB7 /* DigitalTime WatchKit App.app */; settings = {ATTRIBUTES = (RemoveHeadersOnCopy, ); }; };
		CB1E3A0C25F15AAA00FDDEB7 /* Assets.xcassets in Resources */ = {isa = PBXBuildFile; fileRef = CB1E3A0B25F15AAA00FDDEB7 /* Assets.xcassets */; };
		CB1E3A1325F15AAA00FDDEB7 /* DigitalTime WatchKit Extension.appex in Embed App Extensions */ = {isa = PBXBuildFile; fileRef = CB1E3A1225F15AAA00FDDEB7 /* DigitalTime WatchKit Extension.appex */; settings = {ATTRIBUTES = (RemoveHeadersOnCopy, ); }; };
		CB1E3A1C25F15AAA00FDDEB7 /* ComplicationController.swift in Sources */ = {isa = PBXBuildFile; fileRef = CB1E3A1B25F15AAA00FDDEB7 /* ComplicationController.swift */; };
		CB1E3A1E25F15AAA00FDDEB7 /* Assets.xcassets in Resources */ = {isa = PBXBuildFile; fileRef = CB1E3A1D25F15AAA00FDDEB7 /* Assets.xcassets */; };
		CB1E3A7E25F1C31300FDDEB7 /* .swiftlint.yml in Resources */ = {isa = PBXBuildFile; fileRef = CB1E3A7D25F1C31300FDDEB7 /* .swiftlint.yml */; };
		CB54ECD625F2C3C0007F65C3 /* ComplicationViews.swift in Sources */ = {isa = PBXBuildFile; fileRef = CB54ECD525F2C3C0007F65C3 /* ComplicationViews.swift */; };
		CB54ECEE25F48E33007F65C3 /* DateAndTimeFormat.swift in Sources */ = {isa = PBXBuildFile; fileRef = CB54ECED25F48E33007F65C3 /* DateAndTimeFormat.swift */; };
		CB54ECFC25F5D7D1007F65C3 /* PreferenceList.swift in Sources */ = {isa = PBXBuildFile; fileRef = CB54ECFB25F5D7D1007F65C3 /* PreferenceList.swift */; };
		CB54ED0A25F5D898007F65C3 /* PreferenceRow.swift in Sources */ = {isa = PBXBuildFile; fileRef = CB54ED0925F5D898007F65C3 /* PreferenceRow.swift */; };
		CB54ED0F25F5DD4C007F65C3 /* DateAndTimeFormatter.swift in Sources */ = {isa = PBXBuildFile; fileRef = CB54ED0E25F5DD4C007F65C3 /* DateAndTimeFormatter.swift */; };
		CB54ED6225F5EB52007F65C3 /* DigitalTimeApp.swift in Sources */ = {isa = PBXBuildFile; fileRef = CB54ED6125F5EB52007F65C3 /* DigitalTimeApp.swift */; };
		CBCD8DBE25F91CE1007195A9 /* PreferenceService.swift in Sources */ = {isa = PBXBuildFile; fileRef = CBCD8DBD25F91CE1007195A9 /* PreferenceService.swift */; };
		CBEA5B0C260429F80016BBE2 /* ComplicationIdentifier.swift in Sources */ = {isa = PBXBuildFile; fileRef = CBEA5B0B260429F80016BBE2 /* ComplicationIdentifier.swift */; };
/* End PBXBuildFile section */

/* Begin PBXContainerItemProxy section */
		CB1E3A0525F15AA800FDDEB7 /* PBXContainerItemProxy */ = {
			isa = PBXContainerItemProxy;
			containerPortal = CB1E39F925F15AA800FDDEB7 /* Project object */;
			proxyType = 1;
			remoteGlobalIDString = CB1E3A0225F15AA800FDDEB7;
			remoteInfo = "Digital Time Complication WatchKit App";
		};
		CB1E3A1425F15AAA00FDDEB7 /* PBXContainerItemProxy */ = {
			isa = PBXContainerItemProxy;
			containerPortal = CB1E39F925F15AA800FDDEB7 /* Project object */;
			proxyType = 1;
			remoteGlobalIDString = CB1E3A1125F15AAA00FDDEB7;
			remoteInfo = "Digital Time Complication WatchKit Extension";
		};
/* End PBXContainerItemProxy section */

/* Begin PBXCopyFilesBuildPhase section */
		CB1E3A2525F15AAA00FDDEB7 /* Embed App Extensions */ = {
			isa = PBXCopyFilesBuildPhase;
			buildActionMask = 2147483647;
			dstPath = "";
			dstSubfolderSpec = 13;
			files = (
				CB1E3A1325F15AAA00FDDEB7 /* DigitalTime WatchKit Extension.appex in Embed App Extensions */,
			);
			name = "Embed App Extensions";
			runOnlyForDeploymentPostprocessing = 0;
		};
		CB1E3A2925F15AAA00FDDEB7 /* Embed Watch Content */ = {
			isa = PBXCopyFilesBuildPhase;
			buildActionMask = 2147483647;
			dstPath = "$(CONTENTS_FOLDER_PATH)/Watch";
			dstSubfolderSpec = 16;
			files = (
				CB1E3A0425F15AA800FDDEB7 /* DigitalTime WatchKit App.app in Embed Watch Content */,
			);
			name = "Embed Watch Content";
			runOnlyForDeploymentPostprocessing = 0;
		};
/* End PBXCopyFilesBuildPhase section */

/* Begin PBXFileReference section */
		08947ABD09E735C657AF72A8 /* Pods-Digital Time Complication WatchKit App.release.xcconfig */ = {isa = PBXFileReference; includeInIndex = 1; lastKnownFileType = text.xcconfig; name = "Pods-Digital Time Complication WatchKit App.release.xcconfig"; path = "Target Support Files/Pods-Digital Time Complication WatchKit App/Pods-Digital Time Complication WatchKit App.release.xcconfig"; sourceTree = "<group>"; };
		118ED744483E75D09F4B85CA /* Pods-Digital Time Complication WatchKit Extension.debug.xcconfig */ = {isa = PBXFileReference; includeInIndex = 1; lastKnownFileType = text.xcconfig; name = "Pods-Digital Time Complication WatchKit Extension.debug.xcconfig"; path = "Target Support Files/Pods-Digital Time Complication WatchKit Extension/Pods-Digital Time Complication WatchKit Extension.debug.xcconfig"; sourceTree = "<group>"; };
		164A2014ADA2EBD578F71C54 /* Pods_DigitalTime_WatchKit_Extension.framework */ = {isa = PBXFileReference; explicitFileType = wrapper.framework; includeInIndex = 0; path = Pods_DigitalTime_WatchKit_Extension.framework; sourceTree = BUILT_PRODUCTS_DIR; };
		24B1A94516B07940D3FAB30B /* Pods-Digital Time Complication.release.xcconfig */ = {isa = PBXFileReference; includeInIndex = 1; lastKnownFileType = text.xcconfig; name = "Pods-Digital Time Complication.release.xcconfig"; path = "Target Support Files/Pods-Digital Time Complication/Pods-Digital Time Complication.release.xcconfig"; sourceTree = "<group>"; };
		27F85E9BAACBCF87903C6CB0 /* Pods-DigitalTime WatchKit App.release.xcconfig */ = {isa = PBXFileReference; includeInIndex = 1; lastKnownFileType = text.xcconfig; name = "Pods-DigitalTime WatchKit App.release.xcconfig"; path = "Target Support Files/Pods-DigitalTime WatchKit App/Pods-DigitalTime WatchKit App.release.xcconfig"; sourceTree = "<group>"; };
		2E786190865BC924FD22A8C9 /* Pods-Digital Time Complication WatchKit Extension.release.xcconfig */ = {isa = PBXFileReference; includeInIndex = 1; lastKnownFileType = text.xcconfig; name = "Pods-Digital Time Complication WatchKit Extension.release.xcconfig"; path = "Target Support Files/Pods-Digital Time Complication WatchKit Extension/Pods-Digital Time Complication WatchKit Extension.release.xcconfig"; sourceTree = "<group>"; };
		2F085002A3356A936E1EF2C1 /* Pods-DigitalTime.release.xcconfig */ = {isa = PBXFileReference; includeInIndex = 1; lastKnownFileType = text.xcconfig; name = "Pods-DigitalTime.release.xcconfig"; path = "Target Support Files/Pods-DigitalTime/Pods-DigitalTime.release.xcconfig"; sourceTree = "<group>"; };
		310CFE0B1C6F3DC5003E88BC /* Pods-DigitalTime WatchKit Extension.debug.xcconfig */ = {isa = PBXFileReference; includeInIndex = 1; lastKnownFileType = text.xcconfig; name = "Pods-DigitalTime WatchKit Extension.debug.xcconfig"; path = "Target Support Files/Pods-DigitalTime WatchKit Extension/Pods-DigitalTime WatchKit Extension.debug.xcconfig"; sourceTree = "<group>"; };
		402610CB5FE69E632F7FC491 /* Pods-DigitalTime WatchKit App.debug.xcconfig */ = {isa = PBXFileReference; includeInIndex = 1; lastKnownFileType = text.xcconfig; name = "Pods-DigitalTime WatchKit App.debug.xcconfig"; path = "Target Support Files/Pods-DigitalTime WatchKit App/Pods-DigitalTime WatchKit App.debug.xcconfig"; sourceTree = "<group>"; };
		50A6C33C8D388B858A68D480 /* Pods-DigitalTime.debug.xcconfig */ = {isa = PBXFileReference; includeInIndex = 1; lastKnownFileType = text.xcconfig; name = "Pods-DigitalTime.debug.xcconfig"; path = "Target Support Files/Pods-DigitalTime/Pods-DigitalTime.debug.xcconfig"; sourceTree = "<group>"; };
		5E00F8198F308B4D969CEC71 /* Pods-Digital Time Complication.debug.xcconfig */ = {isa = PBXFileReference; includeInIndex = 1; lastKnownFileType = text.xcconfig; name = "Pods-Digital Time Complication.debug.xcconfig"; path = "Target Support Files/Pods-Digital Time Complication/Pods-Digital Time Complication.debug.xcconfig"; sourceTree = "<group>"; };
		6FE6FD8E5BAF43921A35EFE6 /* Pods-DigitalTime WatchKit Extension.release.xcconfig */ = {isa = PBXFileReference; includeInIndex = 1; lastKnownFileType = text.xcconfig; name = "Pods-DigitalTime WatchKit Extension.release.xcconfig"; path = "Target Support Files/Pods-DigitalTime WatchKit Extension/Pods-DigitalTime WatchKit Extension.release.xcconfig"; sourceTree = "<group>"; };
		82780A9B64BE4C09D9C362CE /* Pods_DigitalTime.framework */ = {isa = PBXFileReference; explicitFileType = wrapper.framework; includeInIndex = 0; path = Pods_DigitalTime.framework; sourceTree = BUILT_PRODUCTS_DIR; };
		BE562549B37E9C6779FCC911 /* Pods-Digital Time Complication WatchKit App.debug.xcconfig */ = {isa = PBXFileReference; includeInIndex = 1; lastKnownFileType = text.xcconfig; name = "Pods-Digital Time Complication WatchKit App.debug.xcconfig"; path = "Target Support Files/Pods-Digital Time Complication WatchKit App/Pods-Digital Time Complication WatchKit App.debug.xcconfig"; sourceTree = "<group>"; };
		CB1D4D6026044A0500D1FD53 /* ComplicationUpdateView.swift */ = {isa = PBXFileReference; lastKnownFileType = sourcecode.swift; path = ComplicationUpdateView.swift; sourceTree = "<group>"; };
		CB1E39FF25F15AA800FDDEB7 /* DigitalTime.app */ = {isa = PBXFileReference; explicitFileType = wrapper.application; includeInIndex = 0; path = DigitalTime.app; sourceTree = BUILT_PRODUCTS_DIR; };
		CB1E3A0325F15AA800FDDEB7 /* DigitalTime WatchKit App.app */ = {isa = PBXFileReference; explicitFileType = wrapper.application; includeInIndex = 0; path = "DigitalTime WatchKit App.app"; sourceTree = BUILT_PRODUCTS_DIR; };
		CB1E3A0B25F15AAA00FDDEB7 /* Assets.xcassets */ = {isa = PBXFileReference; lastKnownFileType = folder.assetcatalog; path = Assets.xcassets; sourceTree = "<group>"; };
		CB1E3A0D25F15AAA00FDDEB7 /* Info.plist */ = {isa = PBXFileReference; lastKnownFileType = text.plist.xml; path = Info.plist; sourceTree = "<group>"; };
		CB1E3A1225F15AAA00FDDEB7 /* DigitalTime WatchKit Extension.appex */ = {isa = PBXFileReference; explicitFileType = "wrapper.app-extension"; includeInIndex = 0; path = "DigitalTime WatchKit Extension.appex"; sourceTree = BUILT_PRODUCTS_DIR; };
		CB1E3A1B25F15AAA00FDDEB7 /* ComplicationController.swift */ = {isa = PBXFileReference; lastKnownFileType = sourcecode.swift; path = ComplicationController.swift; sourceTree = "<group>"; };
		CB1E3A1D25F15AAA00FDDEB7 /* Assets.xcassets */ = {isa = PBXFileReference; lastKnownFileType = folder.assetcatalog; path = Assets.xcassets; sourceTree = "<group>"; };
		CB1E3A1F25F15AAA00FDDEB7 /* Info.plist */ = {isa = PBXFileReference; lastKnownFileType = text.plist.xml; path = Info.plist; sourceTree = "<group>"; };
		CB1E3A7D25F1C31300FDDEB7 /* .swiftlint.yml */ = {isa = PBXFileReference; fileEncoding = 4; lastKnownFileType = text.yaml; path = .swiftlint.yml; sourceTree = "<group>"; };
		CB54ECD525F2C3C0007F65C3 /* ComplicationViews.swift */ = {isa = PBXFileReference; lastKnownFileType = sourcecode.swift; path = ComplicationViews.swift; sourceTree = "<group>"; };
		CB54ECED25F48E33007F65C3 /* DateAndTimeFormat.swift */ = {isa = PBXFileReference; lastKnownFileType = sourcecode.swift; path = DateAndTimeFormat.swift; sourceTree = "<group>"; };
		CB54ECFB25F5D7D1007F65C3 /* PreferenceList.swift */ = {isa = PBXFileReference; lastKnownFileType = sourcecode.swift; path = PreferenceList.swift; sourceTree = "<group>"; };
		CB54ED0925F5D898007F65C3 /* PreferenceRow.swift */ = {isa = PBXFileReference; lastKnownFileType = sourcecode.swift; path = PreferenceRow.swift; sourceTree = "<group>"; };
		CB54ED0E25F5DD4C007F65C3 /* DateAndTimeFormatter.swift */ = {isa = PBXFileReference; lastKnownFileType = sourcecode.swift; path = DateAndTimeFormatter.swift; sourceTree = "<group>"; };
		CB54ED6125F5EB52007F65C3 /* DigitalTimeApp.swift */ = {isa = PBXFileReference; fileEncoding = 4; lastKnownFileType = sourcecode.swift; path = DigitalTimeApp.swift; sourceTree = "<group>"; };
		CBCD8DBD25F91CE1007195A9 /* PreferenceService.swift */ = {isa = PBXFileReference; lastKnownFileType = sourcecode.swift; path = PreferenceService.swift; sourceTree = "<group>"; };
		CBEA5B0B260429F80016BBE2 /* ComplicationIdentifier.swift */ = {isa = PBXFileReference; lastKnownFileType = sourcecode.swift; path = ComplicationIdentifier.swift; sourceTree = "<group>"; };
		E30D7C4D8DBD8BFC24953448 /* Pods_DigitalTime_WatchKit_App.framework */ = {isa = PBXFileReference; explicitFileType = wrapper.framework; includeInIndex = 0; path = Pods_DigitalTime_WatchKit_App.framework; sourceTree = BUILT_PRODUCTS_DIR; };
/* End PBXFileReference section */

/* Begin PBXFrameworksBuildPhase section */
		12CB29CF07CD695EB873443C /* Frameworks */ = {
			isa = PBXFrameworksBuildPhase;
			buildActionMask = 2147483647;
			files = (
				C455621E75C95FC20C476E68 /* Pods_DigitalTime.framework in Frameworks */,
			);
			runOnlyForDeploymentPostprocessing = 0;
		};
		445B58F8ADE0795FEFEAFD40 /* Frameworks */ = {
			isa = PBXFrameworksBuildPhase;
			buildActionMask = 2147483647;
			files = (
				A1FDA7B5451CB2E3A83925FB /* Pods_DigitalTime_WatchKit_App.framework in Frameworks */,
			);
			runOnlyForDeploymentPostprocessing = 0;
		};
		CB1E3A0F25F15AAA00FDDEB7 /* Frameworks */ = {
			isa = PBXFrameworksBuildPhase;
			buildActionMask = 2147483647;
			files = (
				8D91C377969F2D5EB942FF37 /* Pods_DigitalTime_WatchKit_Extension.framework in Frameworks */,
			);
			runOnlyForDeploymentPostprocessing = 0;
		};
/* End PBXFrameworksBuildPhase section */

/* Begin PBXGroup section */
		B96580CC2093864983D03D4C /* Frameworks */ = {
			isa = PBXGroup;
			children = (
				82780A9B64BE4C09D9C362CE /* Pods_DigitalTime.framework */,
				E30D7C4D8DBD8BFC24953448 /* Pods_DigitalTime_WatchKit_App.framework */,
				164A2014ADA2EBD578F71C54 /* Pods_DigitalTime_WatchKit_Extension.framework */,
			);
			name = Frameworks;
			sourceTree = "<group>";
		};
		CB1E39F825F15AA800FDDEB7 = {
			isa = PBXGroup;
			children = (
				CB1E3A7D25F1C31300FDDEB7 /* .swiftlint.yml */,
				CB1E3A0725F15AA800FDDEB7 /* DigitalTime WatchKit App */,
				CB1E3A1625F15AAA00FDDEB7 /* DigitalTime WatchKit Extension */,
				CB1E3A0025F15AA800FDDEB7 /* Products */,
				E0C135416661D6B8532D45D5 /* Pods */,
				B96580CC2093864983D03D4C /* Frameworks */,
			);
			sourceTree = "<group>";
		};
		CB1E3A0025F15AA800FDDEB7 /* Products */ = {
			isa = PBXGroup;
			children = (
				CB1E39FF25F15AA800FDDEB7 /* DigitalTime.app */,
				CB1E3A0325F15AA800FDDEB7 /* DigitalTime WatchKit App.app */,
				CB1E3A1225F15AAA00FDDEB7 /* DigitalTime WatchKit Extension.appex */,
			);
			name = Products;
			sourceTree = "<group>";
		};
		CB1E3A0725F15AA800FDDEB7 /* DigitalTime WatchKit App */ = {
			isa = PBXGroup;
			children = (
				CB1E3A0B25F15AAA00FDDEB7 /* Assets.xcassets */,
				CB1E3A0D25F15AAA00FDDEB7 /* Info.plist */,
			);
			path = "DigitalTime WatchKit App";
			sourceTree = "<group>";
		};
		CB1E3A1625F15AAA00FDDEB7 /* DigitalTime WatchKit Extension */ = {
			isa = PBXGroup;
			children = (
				CB54ED6125F5EB52007F65C3 /* DigitalTimeApp.swift */,
				CBCD8DBD25F91CE1007195A9 /* PreferenceService.swift */,
				CB79A66D25F94B9E0033C6BB /* Complications */,
				CB54ED6925F5ED29007F65C3 /* Date & Time Format */,
				CB54ED6A25F5ED39007F65C3 /* Preferences List */,
				CB1E3A1D25F15AAA00FDDEB7 /* Assets.xcassets */,
				CB1E3A1F25F15AAA00FDDEB7 /* Info.plist */,
			);
			path = "DigitalTime WatchKit Extension";
			sourceTree = "<group>";
		};
		CB54ED6925F5ED29007F65C3 /* Date & Time Format */ = {
			isa = PBXGroup;
			children = (
				CB54ECED25F48E33007F65C3 /* DateAndTimeFormat.swift */,
				CB54ED0E25F5DD4C007F65C3 /* DateAndTimeFormatter.swift */,
			);
			path = "Date & Time Format";
			sourceTree = "<group>";
		};
		CB54ED6A25F5ED39007F65C3 /* Preferences List */ = {
			isa = PBXGroup;
			children = (
				CB54ECFB25F5D7D1007F65C3 /* PreferenceList.swift */,
				CB54ED0925F5D898007F65C3 /* PreferenceRow.swift */,
				CB1D4D6026044A0500D1FD53 /* ComplicationUpdateView.swift */,
			);
			path = "Preferences List";
			sourceTree = "<group>";
		};
		CB79A66D25F94B9E0033C6BB /* Complications */ = {
			isa = PBXGroup;
			children = (
				CB1E3A1B25F15AAA00FDDEB7 /* ComplicationController.swift */,
				CB54ECD525F2C3C0007F65C3 /* ComplicationViews.swift */,
				CBEA5B0B260429F80016BBE2 /* ComplicationIdentifier.swift */,
			);
			path = Complications;
			sourceTree = "<group>";
		};
		E0C135416661D6B8532D45D5 /* Pods */ = {
			isa = PBXGroup;
			children = (
				5E00F8198F308B4D969CEC71 /* Pods-Digital Time Complication.debug.xcconfig */,
				24B1A94516B07940D3FAB30B /* Pods-Digital Time Complication.release.xcconfig */,
				BE562549B37E9C6779FCC911 /* Pods-Digital Time Complication WatchKit App.debug.xcconfig */,
				08947ABD09E735C657AF72A8 /* Pods-Digital Time Complication WatchKit App.release.xcconfig */,
				118ED744483E75D09F4B85CA /* Pods-Digital Time Complication WatchKit Extension.debug.xcconfig */,
				2E786190865BC924FD22A8C9 /* Pods-Digital Time Complication WatchKit Extension.release.xcconfig */,
				50A6C33C8D388B858A68D480 /* Pods-DigitalTime.debug.xcconfig */,
				2F085002A3356A936E1EF2C1 /* Pods-DigitalTime.release.xcconfig */,
				402610CB5FE69E632F7FC491 /* Pods-DigitalTime WatchKit App.debug.xcconfig */,
				27F85E9BAACBCF87903C6CB0 /* Pods-DigitalTime WatchKit App.release.xcconfig */,
				310CFE0B1C6F3DC5003E88BC /* Pods-DigitalTime WatchKit Extension.debug.xcconfig */,
				6FE6FD8E5BAF43921A35EFE6 /* Pods-DigitalTime WatchKit Extension.release.xcconfig */,
			);
			path = Pods;
			sourceTree = "<group>";
		};
/* End PBXGroup section */

/* Begin PBXNativeTarget section */
		CB1E39FE25F15AA800FDDEB7 /* DigitalTime */ = {
			isa = PBXNativeTarget;
			buildConfigurationList = CB1E3A2A25F15AAA00FDDEB7 /* Build configuration list for PBXNativeTarget "DigitalTime" */;
			buildPhases = (
				074723024120894FB9ECE59F /* [CP] Check Pods Manifest.lock */,
				CB1E39FD25F15AA800FDDEB7 /* Resources */,
				CB1E3A2925F15AAA00FDDEB7 /* Embed Watch Content */,
				12CB29CF07CD695EB873443C /* Frameworks */,
				CB1E3A7125F1BE3600FDDEB7 /* ShellScript */,
			);
			buildRules = (
			);
			dependencies = (
				CB1E3A0625F15AA800FDDEB7 /* PBXTargetDependency */,
			);
			name = DigitalTime;
			productName = "Digital Time Complication";
			productReference = CB1E39FF25F15AA800FDDEB7 /* DigitalTime.app */;
			productType = "com.apple.product-type.application.watchapp2-container";
		};
		CB1E3A0225F15AA800FDDEB7 /* DigitalTime WatchKit App */ = {
			isa = PBXNativeTarget;
			buildConfigurationList = CB1E3A2625F15AAA00FDDEB7 /* Build configuration list for PBXNativeTarget "DigitalTime WatchKit App" */;
			buildPhases = (
				0321D513B76087143A4C6B2B /* [CP] Check Pods Manifest.lock */,
				CB1E3A0125F15AA800FDDEB7 /* Resources */,
				CB1E3A2525F15AAA00FDDEB7 /* Embed App Extensions */,
				445B58F8ADE0795FEFEAFD40 /* Frameworks */,
			);
			buildRules = (
			);
			dependencies = (
				CB1E3A1525F15AAA00FDDEB7 /* PBXTargetDependency */,
			);
			name = "DigitalTime WatchKit App";
			productName = "Digital Time Complication WatchKit App";
			productReference = CB1E3A0325F15AA800FDDEB7 /* DigitalTime WatchKit App.app */;
			productType = "com.apple.product-type.application.watchapp2";
		};
		CB1E3A1125F15AAA00FDDEB7 /* DigitalTime WatchKit Extension */ = {
			isa = PBXNativeTarget;
			buildConfigurationList = CB1E3A2225F15AAA00FDDEB7 /* Build configuration list for PBXNativeTarget "DigitalTime WatchKit Extension" */;
			buildPhases = (
				0A4414CF6816D9B3442F4D44 /* [CP] Check Pods Manifest.lock */,
				CB1E3A0E25F15AAA00FDDEB7 /* Sources */,
				CB1E3A0F25F15AAA00FDDEB7 /* Frameworks */,
				CB1E3A1025F15AAA00FDDEB7 /* Resources */,
			);
			buildRules = (
			);
			dependencies = (
			);
			name = "DigitalTime WatchKit Extension";
			productName = "Digital Time Complication WatchKit Extension";
			productReference = CB1E3A1225F15AAA00FDDEB7 /* DigitalTime WatchKit Extension.appex */;
			productType = "com.apple.product-type.watchkit2-extension";
		};
/* End PBXNativeTarget section */

/* Begin PBXProject section */
		CB1E39F925F15AA800FDDEB7 /* Project object */ = {
			isa = PBXProject;
			attributes = {
				LastSwiftUpdateCheck = 1240;
				LastUpgradeCheck = 1240;
				TargetAttributes = {
					CB1E39FE25F15AA800FDDEB7 = {
						CreatedOnToolsVersion = 12.4;
					};
					CB1E3A0225F15AA800FDDEB7 = {
						CreatedOnToolsVersion = 12.4;
					};
					CB1E3A1125F15AAA00FDDEB7 = {
						CreatedOnToolsVersion = 12.4;
					};
				};
			};
			buildConfigurationList = CB1E39FC25F15AA800FDDEB7 /* Build configuration list for PBXProject "DigitalTime" */;
			compatibilityVersion = "Xcode 9.3";
			developmentRegion = en;
			hasScannedForEncodings = 0;
			knownRegions = (
				en,
				Base,
			);
			mainGroup = CB1E39F825F15AA800FDDEB7;
			productRefGroup = CB1E3A0025F15AA800FDDEB7 /* Products */;
			projectDirPath = "";
			projectRoot = "";
			targets = (
				CB1E39FE25F15AA800FDDEB7 /* DigitalTime */,
				CB1E3A0225F15AA800FDDEB7 /* DigitalTime WatchKit App */,
				CB1E3A1125F15AAA00FDDEB7 /* DigitalTime WatchKit Extension */,
			);
		};
/* End PBXProject section */

/* Begin PBXResourcesBuildPhase section */
		CB1E39FD25F15AA800FDDEB7 /* Resources */ = {
			isa = PBXResourcesBuildPhase;
			buildActionMask = 2147483647;
			files = (
				CB1E3A7E25F1C31300FDDEB7 /* .swiftlint.yml in Resources */,
			);
			runOnlyForDeploymentPostprocessing = 0;
		};
		CB1E3A0125F15AA800FDDEB7 /* Resources */ = {
			isa = PBXResourcesBuildPhase;
			buildActionMask = 2147483647;
			files = (
				CB1E3A0C25F15AAA00FDDEB7 /* Assets.xcassets in Resources */,
			);
			runOnlyForDeploymentPostprocessing = 0;
		};
		CB1E3A1025F15AAA00FDDEB7 /* Resources */ = {
			isa = PBXResourcesBuildPhase;
			buildActionMask = 2147483647;
			files = (
				CB1E3A1E25F15AAA00FDDEB7 /* Assets.xcassets in Resources */,
			);
			runOnlyForDeploymentPostprocessing = 0;
		};
/* End PBXResourcesBuildPhase section */

/* Begin PBXShellScriptBuildPhase section */
		0321D513B76087143A4C6B2B /* [CP] Check Pods Manifest.lock */ = {
			isa = PBXShellScriptBuildPhase;
			buildActionMask = 2147483647;
			files = (
			);
			inputFileListPaths = (
			);
			inputPaths = (
				"${PODS_PODFILE_DIR_PATH}/Podfile.lock",
				"${PODS_ROOT}/Manifest.lock",
			);
			name = "[CP] Check Pods Manifest.lock";
			outputFileListPaths = (
			);
			outputPaths = (
				"$(DERIVED_FILE_DIR)/Pods-DigitalTime WatchKit App-checkManifestLockResult.txt",
			);
			runOnlyForDeploymentPostprocessing = 0;
			shellPath = /bin/sh;
			shellScript = "diff \"${PODS_PODFILE_DIR_PATH}/Podfile.lock\" \"${PODS_ROOT}/Manifest.lock\" > /dev/null\nif [ $? != 0 ] ; then\n    # print error to STDERR\n    echo \"error: The sandbox is not in sync with the Podfile.lock. Run 'pod install' or update your CocoaPods installation.\" >&2\n    exit 1\nfi\n# This output is used by Xcode 'outputs' to avoid re-running this script phase.\necho \"SUCCESS\" > \"${SCRIPT_OUTPUT_FILE_0}\"\n";
			showEnvVarsInLog = 0;
		};
		074723024120894FB9ECE59F /* [CP] Check Pods Manifest.lock */ = {
			isa = PBXShellScriptBuildPhase;
			buildActionMask = 2147483647;
			files = (
			);
			inputFileListPaths = (
			);
			inputPaths = (
				"${PODS_PODFILE_DIR_PATH}/Podfile.lock",
				"${PODS_ROOT}/Manifest.lock",
			);
			name = "[CP] Check Pods Manifest.lock";
			outputFileListPaths = (
			);
			outputPaths = (
				"$(DERIVED_FILE_DIR)/Pods-DigitalTime-checkManifestLockResult.txt",
			);
			runOnlyForDeploymentPostprocessing = 0;
			shellPath = /bin/sh;
			shellScript = "diff \"${PODS_PODFILE_DIR_PATH}/Podfile.lock\" \"${PODS_ROOT}/Manifest.lock\" > /dev/null\nif [ $? != 0 ] ; then\n    # print error to STDERR\n    echo \"error: The sandbox is not in sync with the Podfile.lock. Run 'pod install' or update your CocoaPods installation.\" >&2\n    exit 1\nfi\n# This output is used by Xcode 'outputs' to avoid re-running this script phase.\necho \"SUCCESS\" > \"${SCRIPT_OUTPUT_FILE_0}\"\n";
			showEnvVarsInLog = 0;
		};
		0A4414CF6816D9B3442F4D44 /* [CP] Check Pods Manifest.lock */ = {
			isa = PBXShellScriptBuildPhase;
			buildActionMask = 2147483647;
			files = (
			);
			inputFileListPaths = (
			);
			inputPaths = (
				"${PODS_PODFILE_DIR_PATH}/Podfile.lock",
				"${PODS_ROOT}/Manifest.lock",
			);
			name = "[CP] Check Pods Manifest.lock";
			outputFileListPaths = (
			);
			outputPaths = (
				"$(DERIVED_FILE_DIR)/Pods-DigitalTime WatchKit Extension-checkManifestLockResult.txt",
			);
			runOnlyForDeploymentPostprocessing = 0;
			shellPath = /bin/sh;
			shellScript = "diff \"${PODS_PODFILE_DIR_PATH}/Podfile.lock\" \"${PODS_ROOT}/Manifest.lock\" > /dev/null\nif [ $? != 0 ] ; then\n    # print error to STDERR\n    echo \"error: The sandbox is not in sync with the Podfile.lock. Run 'pod install' or update your CocoaPods installation.\" >&2\n    exit 1\nfi\n# This output is used by Xcode 'outputs' to avoid re-running this script phase.\necho \"SUCCESS\" > \"${SCRIPT_OUTPUT_FILE_0}\"\n";
			showEnvVarsInLog = 0;
		};
		CB1E3A7125F1BE3600FDDEB7 /* ShellScript */ = {
			isa = PBXShellScriptBuildPhase;
			buildActionMask = 2147483647;
			files = (
			);
			inputFileListPaths = (
			);
			inputPaths = (
			);
			outputFileListPaths = (
			);
			outputPaths = (
			);
			runOnlyForDeploymentPostprocessing = 0;
			shellPath = /bin/sh;
			shellScript = "${PODS_ROOT}/SwiftLint/swiftlint\n";
		};
/* End PBXShellScriptBuildPhase section */

/* Begin PBXSourcesBuildPhase section */
		CB1E3A0E25F15AAA00FDDEB7 /* Sources */ = {
			isa = PBXSourcesBuildPhase;
			buildActionMask = 2147483647;
			files = (
				CB54ECEE25F48E33007F65C3 /* DateAndTimeFormat.swift in Sources */,
				CB54ED6225F5EB52007F65C3 /* DigitalTimeApp.swift in Sources */,
				CBCD8DBE25F91CE1007195A9 /* PreferenceService.swift in Sources */,
				CBEA5B0C260429F80016BBE2 /* ComplicationIdentifier.swift in Sources */,
				CB1D4D6126044A0500D1FD53 /* ComplicationUpdateView.swift in Sources */,
				CB54ED0F25F5DD4C007F65C3 /* DateAndTimeFormatter.swift in Sources */,
				CB54ECFC25F5D7D1007F65C3 /* PreferenceList.swift in Sources */,
				CB54ED0A25F5D898007F65C3 /* PreferenceRow.swift in Sources */,
				CB54ECD625F2C3C0007F65C3 /* ComplicationViews.swift in Sources */,
				CB1E3A1C25F15AAA00FDDEB7 /* ComplicationController.swift in Sources */,
			);
			runOnlyForDeploymentPostprocessing = 0;
		};
/* End PBXSourcesBuildPhase section */

/* Begin PBXTargetDependency section */
		CB1E3A0625F15AA800FDDEB7 /* PBXTargetDependency */ = {
			isa = PBXTargetDependency;
			target = CB1E3A0225F15AA800FDDEB7 /* DigitalTime WatchKit App */;
			targetProxy = CB1E3A0525F15AA800FDDEB7 /* PBXContainerItemProxy */;
		};
		CB1E3A1525F15AAA00FDDEB7 /* PBXTargetDependency */ = {
			isa = PBXTargetDependency;
			target = CB1E3A1125F15AAA00FDDEB7 /* DigitalTime WatchKit Extension */;
			targetProxy = CB1E3A1425F15AAA00FDDEB7 /* PBXContainerItemProxy */;
		};
/* End PBXTargetDependency section */

/* Begin XCBuildConfiguration section */
		CB1E3A2025F15AAA00FDDEB7 /* Debug */ = {
			isa = XCBuildConfiguration;
			buildSettings = {
				ALWAYS_SEARCH_USER_PATHS = NO;
				CLANG_ANALYZER_NONNULL = YES;
				CLANG_ANALYZER_NUMBER_OBJECT_CONVERSION = YES_AGGRESSIVE;
				CLANG_CXX_LANGUAGE_STANDARD = "gnu++14";
				CLANG_CXX_LIBRARY = "libc++";
				CLANG_ENABLE_MODULES = YES;
				CLANG_ENABLE_OBJC_ARC = YES;
				CLANG_ENABLE_OBJC_WEAK = YES;
				CLANG_WARN_BLOCK_CAPTURE_AUTORELEASING = YES;
				CLANG_WARN_BOOL_CONVERSION = YES;
				CLANG_WARN_COMMA = YES;
				CLANG_WARN_CONSTANT_CONVERSION = YES;
				CLANG_WARN_DEPRECATED_OBJC_IMPLEMENTATIONS = YES;
				CLANG_WARN_DIRECT_OBJC_ISA_USAGE = YES_ERROR;
				CLANG_WARN_DOCUMENTATION_COMMENTS = YES;
				CLANG_WARN_EMPTY_BODY = YES;
				CLANG_WARN_ENUM_CONVERSION = YES;
				CLANG_WARN_INFINITE_RECURSION = YES;
				CLANG_WARN_INT_CONVERSION = YES;
				CLANG_WARN_NON_LITERAL_NULL_CONVERSION = YES;
				CLANG_WARN_OBJC_IMPLICIT_RETAIN_SELF = YES;
				CLANG_WARN_OBJC_LITERAL_CONVERSION = YES;
				CLANG_WARN_OBJC_ROOT_CLASS = YES_ERROR;
				CLANG_WARN_QUOTED_INCLUDE_IN_FRAMEWORK_HEADER = YES;
				CLANG_WARN_RANGE_LOOP_ANALYSIS = YES;
				CLANG_WARN_STRICT_PROTOTYPES = YES;
				CLANG_WARN_SUSPICIOUS_MOVE = YES;
				CLANG_WARN_UNGUARDED_AVAILABILITY = YES_AGGRESSIVE;
				CLANG_WARN_UNREACHABLE_CODE = YES;
				CLANG_WARN__DUPLICATE_METHOD_MATCH = YES;
				COPY_PHASE_STRIP = NO;
				DEBUG_INFORMATION_FORMAT = dwarf;
				ENABLE_STRICT_OBJC_MSGSEND = YES;
				ENABLE_TESTABILITY = YES;
				GCC_C_LANGUAGE_STANDARD = gnu11;
				GCC_DYNAMIC_NO_PIC = NO;
				GCC_NO_COMMON_BLOCKS = YES;
				GCC_OPTIMIZATION_LEVEL = 0;
				GCC_PREPROCESSOR_DEFINITIONS = (
					"DEBUG=1",
					"$(inherited)",
				);
				GCC_WARN_64_TO_32_BIT_CONVERSION = YES;
				GCC_WARN_ABOUT_RETURN_TYPE = YES_ERROR;
				GCC_WARN_UNDECLARED_SELECTOR = YES;
				GCC_WARN_UNINITIALIZED_AUTOS = YES_AGGRESSIVE;
				GCC_WARN_UNUSED_FUNCTION = YES;
				GCC_WARN_UNUSED_VARIABLE = YES;
				MTL_ENABLE_DEBUG_INFO = INCLUDE_SOURCE;
				MTL_FAST_MATH = YES;
				ONLY_ACTIVE_ARCH = YES;
				SDKROOT = iphoneos;
				SWIFT_ACTIVE_COMPILATION_CONDITIONS = DEBUG;
				SWIFT_OPTIMIZATION_LEVEL = "-Onone";
			};
			name = Debug;
		};
		CB1E3A2125F15AAA00FDDEB7 /* Release */ = {
			isa = XCBuildConfiguration;
			buildSettings = {
				ALWAYS_SEARCH_USER_PATHS = NO;
				CLANG_ANALYZER_NONNULL = YES;
				CLANG_ANALYZER_NUMBER_OBJECT_CONVERSION = YES_AGGRESSIVE;
				CLANG_CXX_LANGUAGE_STANDARD = "gnu++14";
				CLANG_CXX_LIBRARY = "libc++";
				CLANG_ENABLE_MODULES = YES;
				CLANG_ENABLE_OBJC_ARC = YES;
				CLANG_ENABLE_OBJC_WEAK = YES;
				CLANG_WARN_BLOCK_CAPTURE_AUTORELEASING = YES;
				CLANG_WARN_BOOL_CONVERSION = YES;
				CLANG_WARN_COMMA = YES;
				CLANG_WARN_CONSTANT_CONVERSION = YES;
				CLANG_WARN_DEPRECATED_OBJC_IMPLEMENTATIONS = YES;
				CLANG_WARN_DIRECT_OBJC_ISA_USAGE = YES_ERROR;
				CLANG_WARN_DOCUMENTATION_COMMENTS = YES;
				CLANG_WARN_EMPTY_BODY = YES;
				CLANG_WARN_ENUM_CONVERSION = YES;
				CLANG_WARN_INFINITE_RECURSION = YES;
				CLANG_WARN_INT_CONVERSION = YES;
				CLANG_WARN_NON_LITERAL_NULL_CONVERSION = YES;
				CLANG_WARN_OBJC_IMPLICIT_RETAIN_SELF = YES;
				CLANG_WARN_OBJC_LITERAL_CONVERSION = YES;
				CLANG_WARN_OBJC_ROOT_CLASS = YES_ERROR;
				CLANG_WARN_QUOTED_INCLUDE_IN_FRAMEWORK_HEADER = YES;
				CLANG_WARN_RANGE_LOOP_ANALYSIS = YES;
				CLANG_WARN_STRICT_PROTOTYPES = YES;
				CLANG_WARN_SUSPICIOUS_MOVE = YES;
				CLANG_WARN_UNGUARDED_AVAILABILITY = YES_AGGRESSIVE;
				CLANG_WARN_UNREACHABLE_CODE = YES;
				CLANG_WARN__DUPLICATE_METHOD_MATCH = YES;
				COPY_PHASE_STRIP = NO;
				DEBUG_INFORMATION_FORMAT = "dwarf-with-dsym";
				ENABLE_NS_ASSERTIONS = NO;
				ENABLE_STRICT_OBJC_MSGSEND = YES;
				GCC_C_LANGUAGE_STANDARD = gnu11;
				GCC_NO_COMMON_BLOCKS = YES;
				GCC_WARN_64_TO_32_BIT_CONVERSION = YES;
				GCC_WARN_ABOUT_RETURN_TYPE = YES_ERROR;
				GCC_WARN_UNDECLARED_SELECTOR = YES;
				GCC_WARN_UNINITIALIZED_AUTOS = YES_AGGRESSIVE;
				GCC_WARN_UNUSED_FUNCTION = YES;
				GCC_WARN_UNUSED_VARIABLE = YES;
				MTL_ENABLE_DEBUG_INFO = NO;
				MTL_FAST_MATH = YES;
				SDKROOT = iphoneos;
				SWIFT_COMPILATION_MODE = wholemodule;
				SWIFT_OPTIMIZATION_LEVEL = "-O";
				VALIDATE_PRODUCT = YES;
			};
			name = Release;
		};
		CB1E3A2325F15AAA00FDDEB7 /* Debug */ = {
			isa = XCBuildConfiguration;
			baseConfigurationReference = 310CFE0B1C6F3DC5003E88BC /* Pods-DigitalTime WatchKit Extension.debug.xcconfig */;
			buildSettings = {
				ASSETCATALOG_COMPILER_COMPLICATION_NAME = Complication;
				CODE_SIGN_STYLE = Automatic;
				DEVELOPMENT_TEAM = GMFR6JL5MS;
				INFOPLIST_FILE = "DigitalTime WatchKit Extension/Info.plist";
				LD_RUNPATH_SEARCH_PATHS = (
					"$(inherited)",
					"@executable_path/Frameworks",
					"@executable_path/../../Frameworks",
				);
				PRODUCT_BUNDLE_IDENTIFIER = com.yesthisisjoe.DigitalTime.watchkitapp.watchkitextension;
				PRODUCT_NAME = "${TARGET_NAME}";
				SDKROOT = watchos;
				SKIP_INSTALL = YES;
				SWIFT_VERSION = 5.0;
				TARGETED_DEVICE_FAMILY = 4;
				WATCHOS_DEPLOYMENT_TARGET = 7.2;
			};
			name = Debug;
		};
		CB1E3A2425F15AAA00FDDEB7 /* Release */ = {
			isa = XCBuildConfiguration;
			baseConfigurationReference = 6FE6FD8E5BAF43921A35EFE6 /* Pods-DigitalTime WatchKit Extension.release.xcconfig */;
			buildSettings = {
				ASSETCATALOG_COMPILER_COMPLICATION_NAME = Complication;
				CODE_SIGN_STYLE = Automatic;
				DEVELOPMENT_TEAM = GMFR6JL5MS;
				INFOPLIST_FILE = "DigitalTime WatchKit Extension/Info.plist";
				LD_RUNPATH_SEARCH_PATHS = (
					"$(inherited)",
					"@executable_path/Frameworks",
					"@executable_path/../../Frameworks",
				);
				PRODUCT_BUNDLE_IDENTIFIER = com.yesthisisjoe.DigitalTime.watchkitapp.watchkitextension;
				PRODUCT_NAME = "${TARGET_NAME}";
				SDKROOT = watchos;
				SKIP_INSTALL = YES;
				SWIFT_VERSION = 5.0;
				TARGETED_DEVICE_FAMILY = 4;
				WATCHOS_DEPLOYMENT_TARGET = 7.2;
			};
			name = Release;
		};
		CB1E3A2725F15AAA00FDDEB7 /* Debug */ = {
			isa = XCBuildConfiguration;
			baseConfigurationReference = 402610CB5FE69E632F7FC491 /* Pods-DigitalTime WatchKit App.debug.xcconfig */;
			buildSettings = {
				ALWAYS_EMBED_SWIFT_STANDARD_LIBRARIES = YES;
				ASSETCATALOG_COMPILER_APPICON_NAME = AppIcon;
				ASSETCATALOG_COMPILER_GLOBAL_ACCENT_COLOR_NAME = AccentColor;
				CODE_SIGN_STYLE = Automatic;
				DEVELOPMENT_TEAM = GMFR6JL5MS;
				IBSC_MODULE = DigitalTime_WatchKit_Extension;
				INFOPLIST_FILE = "DigitalTime WatchKit App/Info.plist";
				PRODUCT_BUNDLE_IDENTIFIER = com.yesthisisjoe.DigitalTime.watchkitapp;
				PRODUCT_NAME = "$(TARGET_NAME)";
				SDKROOT = watchos;
				SKIP_INSTALL = YES;
				SWIFT_VERSION = 5.0;
				TARGETED_DEVICE_FAMILY = 4;
				WATCHOS_DEPLOYMENT_TARGET = 7.2;
			};
			name = Debug;
		};
		CB1E3A2825F15AAA00FDDEB7 /* Release */ = {
			isa = XCBuildConfiguration;
			baseConfigurationReference = 27F85E9BAACBCF87903C6CB0 /* Pods-DigitalTime WatchKit App.release.xcconfig */;
			buildSettings = {
				ALWAYS_EMBED_SWIFT_STANDARD_LIBRARIES = YES;
				ASSETCATALOG_COMPILER_APPICON_NAME = AppIcon;
				ASSETCATALOG_COMPILER_GLOBAL_ACCENT_COLOR_NAME = AccentColor;
				CODE_SIGN_STYLE = Automatic;
				DEVELOPMENT_TEAM = GMFR6JL5MS;
				IBSC_MODULE = DigitalTime_WatchKit_Extension;
				INFOPLIST_FILE = "DigitalTime WatchKit App/Info.plist";
				PRODUCT_BUNDLE_IDENTIFIER = com.yesthisisjoe.DigitalTime.watchkitapp;
				PRODUCT_NAME = "$(TARGET_NAME)";
				SDKROOT = watchos;
				SKIP_INSTALL = YES;
				SWIFT_VERSION = 5.0;
				TARGETED_DEVICE_FAMILY = 4;
				WATCHOS_DEPLOYMENT_TARGET = 7.2;
			};
			name = Release;
		};
		CB1E3A2B25F15AAA00FDDEB7 /* Debug */ = {
			isa = XCBuildConfiguration;
			baseConfigurationReference = 50A6C33C8D388B858A68D480 /* Pods-DigitalTime.debug.xcconfig */;
			buildSettings = {
				CODE_SIGN_STYLE = Automatic;
				CURRENT_PROJECT_VERSION = 1;
				DEVELOPMENT_TEAM = GMFR6JL5MS;
				MARKETING_VERSION = 1.0;
				PRODUCT_BUNDLE_IDENTIFIER = com.yesthisisjoe.DigitalTime;
				PRODUCT_NAME = "$(TARGET_NAME)";
				SWIFT_VERSION = 5.0;
			};
			name = Debug;
		};
		CB1E3A2C25F15AAA00FDDEB7 /* Release */ = {
			isa = XCBuildConfiguration;
			baseConfigurationReference = 2F085002A3356A936E1EF2C1 /* Pods-DigitalTime.release.xcconfig */;
			buildSettings = {
				CODE_SIGN_STYLE = Automatic;
				CURRENT_PROJECT_VERSION = 1;
				DEVELOPMENT_TEAM = GMFR6JL5MS;
				MARKETING_VERSION = 1.0;
				PRODUCT_BUNDLE_IDENTIFIER = com.yesthisisjoe.DigitalTime;
				PRODUCT_NAME = "$(TARGET_NAME)";
				SWIFT_VERSION = 5.0;
			};
			name = Release;
		};
/* End XCBuildConfiguration section */

/* Begin XCConfigurationList section */
		CB1E39FC25F15AA800FDDEB7 /* Build configuration list for PBXProject "DigitalTime" */ = {
			isa = XCConfigurationList;
			buildConfigurations = (
				CB1E3A2025F15AAA00FDDEB7 /* Debug */,
				CB1E3A2125F15AAA00FDDEB7 /* Release */,
			);
			defaultConfigurationIsVisible = 0;
			defaultConfigurationName = Release;
		};
		CB1E3A2225F15AAA00FDDEB7 /* Build configuration list for PBXNativeTarget "DigitalTime WatchKit Extension" */ = {
			isa = XCConfigurationList;
			buildConfigurations = (
				CB1E3A2325F15AAA00FDDEB7 /* Debug */,
				CB1E3A2425F15AAA00FDDEB7 /* Release */,
			);
			defaultConfigurationIsVisible = 0;
			defaultConfigurationName = Release;
		};
		CB1E3A2625F15AAA00FDDEB7 /* Build configuration list for PBXNativeTarget "DigitalTime WatchKit App" */ = {
			isa = XCConfigurationList;
			buildConfigurations = (
				CB1E3A2725F15AAA00FDDEB7 /* Debug */,
				CB1E3A2825F15AAA00FDDEB7 /* Release */,
			);
			defaultConfigurationIsVisible = 0;
			defaultConfigurationName = Release;
		};
		CB1E3A2A25F15AAA00FDDEB7 /* Build configuration list for PBXNativeTarget "DigitalTime" */ = {
			isa = XCConfigurationList;
			buildConfigurations = (
				CB1E3A2B25F15AAA00FDDEB7 /* Debug */,
				CB1E3A2C25F15AAA00FDDEB7 /* Release */,
			);
			defaultConfigurationIsVisible = 0;
			defaultConfigurationName = Release;
		};
/* End XCConfigurationList section */
	};
	rootObject = CB1E39F925F15AA800FDDEB7 /* Project object */;
}
